
Microsoft Visual Studio Solution File, Format Version 12.00
# Visual Studio Version 17
VisualStudioVersion = 17.3.32901.215
MinimumVisualStudioVersion = 10.0.40219.1
Project("{FAE04EC0-301F-11D3-BF4B-00C04F79EFBC}") = "KIOKI_Algs", "KIOKI_Algs\KIOKI_Algs.csproj", "{D040ED7F-C15A-411A-B0C5-BB78DEA20FC2}"
EndProject
Global
	GlobalSection(SolutionConfigurationPlatforms) = preSolution
		Debug|Any CPU = Debug|Any CPU
		Release|Any CPU = Release|Any CPU
	EndGlobalSection
	GlobalSection(ProjectConfigurationPlatforms) = postSolution
		{D040ED7F-C15A-411A-B0C5-BB78DEA20FC2}.Debug|Any CPU.ActiveCfg = Debug|Any CPU
		{D040ED7F-C15A-411A-B0C5-BB78DEA20FC2}.Debug|Any CPU.Build.0 = Debug|Any CPU
		{D040ED7F-C15A-411A-B0C5-BB78DEA20FC2}.Release|Any CPU.ActiveCfg = Release|Any CPU
		{D040ED7F-C15A-411A-B0C5-BB78DEA20FC2}.Release|Any CPU.Build.0 = Release|Any CPU
	EndGlobalSection
	GlobalSection(SolutionProperties) = preSolution
		HideSolutionNode = FALSE
	EndGlobalSection
	GlobalSection(ExtensibilityGlobals) = postSolution
		SolutionGuid = {F9704DC5-F959-46E3-B7D6-BA0E241B166B}
	EndGlobalSection
EndGlobal
